// !$*UTF8*$!
{
	archiveVersion = 1;
	classes = {
	};
	objectVersion = 51;
	objects = {

/* Begin PBXBuildFile section */
		1B0BC9AB78EE118468A1EC67 /* Pods_RxModalExample.framework in Frameworks */ = {isa = PBXBuildFile; fileRef = 89B5467EFFDD600E8E0ECDA2 /* Pods_RxModalExample.framework */; };
		7580E40325CB49A800F9A0A7 /* AppDelegate.swift in Sources */ = {isa = PBXBuildFile; fileRef = 7580E40225CB49A800F9A0A7 /* AppDelegate.swift */; };
		7580E40525CB49A800F9A0A7 /* SceneDelegate.swift in Sources */ = {isa = PBXBuildFile; fileRef = 7580E40425CB49A800F9A0A7 /* SceneDelegate.swift */; };
		7580E40725CB49A800F9A0A7 /* ViewController.swift in Sources */ = {isa = PBXBuildFile; fileRef = 7580E40625CB49A800F9A0A7 /* ViewController.swift */; };
		7580E40A25CB49A800F9A0A7 /* Main.storyboard in Resources */ = {isa = PBXBuildFile; fileRef = 7580E40825CB49A800F9A0A7 /* Main.storyboard */; };
		7580E40C25CB49A900F9A0A7 /* Assets.xcassets in Resources */ = {isa = PBXBuildFile; fileRef = 7580E40B25CB49A900F9A0A7 /* Assets.xcassets */; };
		7580E40F25CB49A900F9A0A7 /* LaunchScreen.storyboard in Resources */ = {isa = PBXBuildFile; fileRef = 7580E40D25CB49A900F9A0A7 /* LaunchScreen.storyboard */; };
/* End PBXBuildFile section */

/* Begin PBXFileReference section */
		225B62DC46C283E24EADD0CE /* Pods-RxModalExample.release.xcconfig */ = {isa = PBXFileReference; includeInIndex = 1; lastKnownFileType = text.xcconfig; name = "Pods-RxModalExample.release.xcconfig"; path = "Target Support Files/Pods-RxModalExample/Pods-RxModalExample.release.xcconfig"; sourceTree = "<group>"; };
		7580E3FF25CB49A800F9A0A7 /* RxModalExample.app */ = {isa = PBXFileReference; explicitFileType = wrapper.application; includeInIndex = 0; path = RxModalExample.app; sourceTree = BUILT_PRODUCTS_DIR; };
		7580E40225CB49A800F9A0A7 /* AppDelegate.swift */ = {isa = PBXFileReference; lastKnownFileType = sourcecode.swift; path = AppDelegate.swift; sourceTree = "<group>"; };
		7580E40425CB49A800F9A0A7 /* SceneDelegate.swift */ = {isa = PBXFileReference; lastKnownFileType = sourcecode.swift; path = SceneDelegate.swift; sourceTree = "<group>"; };
		7580E40625CB49A800F9A0A7 /* ViewController.swift */ = {isa = PBXFileReference; lastKnownFileType = sourcecode.swift; path = ViewController.swift; sourceTree = "<group>"; };
		7580E40925CB49A800F9A0A7 /* Base */ = {isa = PBXFileReference; lastKnownFileType = file.storyboard; name = Base; path = Base.lproj/Main.storyboard; sourceTree = "<group>"; };
		7580E40B25CB49A900F9A0A7 /* Assets.xcassets */ = {isa = PBXFileReference; lastKnownFileType = folder.assetcatalog; path = Assets.xcassets; sourceTree = "<group>"; };
		7580E40E25CB49A900F9A0A7 /* Base */ = {isa = PBXFileReference; lastKnownFileType = file.storyboard; name = Base; path = Base.lproj/LaunchScreen.storyboard; sourceTree = "<group>"; };
		7580E41025CB49A900F9A0A7 /* Info.plist */ = {isa = PBXFileReference; lastKnownFileType = text.plist.xml; path = Info.plist; sourceTree = "<group>"; };
		89B5467EFFDD600E8E0ECDA2 /* Pods_RxModalExample.framework */ = {isa = PBXFileReference; explicitFileType = wrapper.framework; includeInIndex = 0; path = Pods_RxModalExample.framework; sourceTree = BUILT_PRODUCTS_DIR; };
		A8FF776624B518F974CE128B /* Pods-RxModalExample.debug.xcconfig */ = {isa = PBXFileReference; includeInIndex = 1; lastKnownFileType = text.xcconfig; name = "Pods-RxModalExample.debug.xcconfig"; path = "Target Support Files/Pods-RxModalExample/Pods-RxModalExample.debug.xcconfig"; sourceTree = "<group>"; };
/* End PBXFileReference section */

/* Begin PBXFrameworksBuildPhase section */
		7580E3FC25CB49A800F9A0A7 /* Frameworks */ = {
			isa = PBXFrameworksBuildPhase;
			buildActionMask = 2147483647;
			files = (
				1B0BC9AB78EE118468A1EC67 /* Pods_RxModalExample.framework in Frameworks */,
			);
			runOnlyForDeploymentPostprocessing = 0;
		};
/* End PBXFrameworksBuildPhase section */

/* Begin PBXGroup section */
		31F34B4B17BEF8787CAA7124 /* Pods */ = {
			isa = PBXGroup;
			children = (
				A8FF776624B518F974CE128B /* Pods-RxModalExample.debug.xcconfig */,
				225B62DC46C283E24EADD0CE /* Pods-RxModalExample.release.xcconfig */,
			);
			path = Pods;
			sourceTree = "<group>";
		};
		7580E3F625CB49A800F9A0A7 = {
			isa = PBXGroup;
			children = (
				7580E40125CB49A800F9A0A7 /* RxModalExample */,
				7580E40025CB49A800F9A0A7 /* Products */,
				31F34B4B17BEF8787CAA7124 /* Pods */,
				94219E9B0A6AD0135DCD89B8 /* Frameworks */,
			);
			sourceTree = "<group>";
		};
		7580E40025CB49A800F9A0A7 /* Products */ = {
			isa = PBXGroup;
			children = (
				7580E3FF25CB49A800F9A0A7 /* RxModalExample.app */,
			);
			name = Products;
			sourceTree = "<group>";
		};
		7580E40125CB49A800F9A0A7 /* RxModalExample */ = {
			isa = PBXGroup;
			children = (
				7580E40225CB49A800F9A0A7 /* AppDelegate.swift */,
				7580E40425CB49A800F9A0A7 /* SceneDelegate.swift */,
				7580E40625CB49A800F9A0A7 /* ViewController.swift */,
				7580E40825CB49A800F9A0A7 /* Main.storyboard */,
				7580E40B25CB49A900F9A0A7 /* Assets.xcassets */,
				7580E40D25CB49A900F9A0A7 /* LaunchScreen.storyboard */,
				7580E41025CB49A900F9A0A7 /* Info.plist */,
			);
			path = RxModalExample;
			sourceTree = "<group>";
		};
		94219E9B0A6AD0135DCD89B8 /* Frameworks */ = {
			isa = PBXGroup;
			children = (
				89B5467EFFDD600E8E0ECDA2 /* Pods_RxModalExample.framework */,
			);
			name = Frameworks;
			sourceTree = "<group>";
		};
/* End PBXGroup section */

/* Begin PBXNativeTarget section */
		7580E3FE25CB49A800F9A0A7 /* RxModalExample */ = {
			isa = PBXNativeTarget;
			buildConfigurationList = 7580E41325CB49A900F9A0A7 /* Build configuration list for PBXNativeTarget "RxModalExample" */;
			buildPhases = (
				3E3353F6ABD85963532BD1ED /* [CP] Check Pods Manifest.lock */,
				7580E3FB25CB49A800F9A0A7 /* Sources */,
				7580E3FC25CB49A800F9A0A7 /* Frameworks */,
				7580E3FD25CB49A800F9A0A7 /* Resources */,
				9DA9BB08D94F4D7740920AEF /* [CP] Embed Pods Frameworks */,
			);
			buildRules = (
			);
			dependencies = (
			);
			name = RxModalExample;
			productName = RxModalExample;
			productReference = 7580E3FF25CB49A800F9A0A7 /* RxModalExample.app */;
			productType = "com.apple.product-type.application";
		};
/* End PBXNativeTarget section */

/* Begin PBXProject section */
		7580E3F725CB49A800F9A0A7 /* Project object */ = {
			isa = PBXProject;
			attributes = {
				LastSwiftUpdateCheck = 1230;
				LastUpgradeCheck = 1230;
				TargetAttributes = {
					7580E3FE25CB49A800F9A0A7 = {
						CreatedOnToolsVersion = 12.3;
					};
				};
			};
			buildConfigurationList = 7580E3FA25CB49A800F9A0A7 /* Build configuration list for PBXProject "RxModalExample" */;
			compatibilityVersion = "Xcode 9.3";
			developmentRegion = en;
			hasScannedForEncodings = 0;
			knownRegions = (
				en,
				Base,
			);
			mainGroup = 7580E3F625CB49A800F9A0A7;
			productRefGroup = 7580E40025CB49A800F9A0A7 /* Products */;
			projectDirPath = "";
			projectRoot = "";
			targets = (
				7580E3FE25CB49A800F9A0A7 /* RxModalExample */,
			);
		};
/* End PBXProject section */

/* Begin PBXResourcesBuildPhase section */
		7580E3FD25CB49A800F9A0A7 /* Resources */ = {
			isa = PBXResourcesBuildPhase;
			buildActionMask = 2147483647;
			files = (
				7580E40F25CB49A900F9A0A7 /* LaunchScreen.storyboard in Resources */,
				7580E40C25CB49A900F9A0A7 /* Assets.xcassets in Resources */,
				7580E40A25CB49A800F9A0A7 /* Main.storyboard in Resources */,
			);
			runOnlyForDeploymentPostprocessing = 0;
		};
/* End PBXResourcesBuildPhase section */

/* Begin PBXShellScriptBuildPhase section */
		3E3353F6ABD85963532BD1ED /* [CP] Check Pods Manifest.lock */ = {
			isa = PBXShellScriptBuildPhase;
			buildActionMask = 2147483647;
			files = (
			);
			inputFileListPaths = (
			);
			inputPaths = (
				"${PODS_PODFILE_DIR_PATH}/Podfile.lock",
				"${PODS_ROOT}/Manifest.lock",
			);
			name = "[CP] Check Pods Manifest.lock";
			outputFileListPaths = (
			);
			outputPaths = (
				"$(DERIVED_FILE_DIR)/Pods-RxModalExample-checkManifestLockResult.txt",
			);
			runOnlyForDeploymentPostprocessing = 0;
			shellPath = /bin/sh;
			shellScript = "diff \"${PODS_PODFILE_DIR_PATH}/Podfile.lock\" \"${PODS_ROOT}/Manifest.lock\" > /dev/null\nif [ $? != 0 ] ; then\n    # print error to STDERR\n    echo \"error: The sandbox is not in sync with the Podfile.lock. Run 'pod install' or update your CocoaPods installation.\" >&2\n    exit 1\nfi\n# This output is used by Xcode 'outputs' to avoid re-running this script phase.\necho \"SUCCESS\" > \"${SCRIPT_OUTPUT_FILE_0}\"\n";
			showEnvVarsInLog = 0;
		};
		9DA9BB08D94F4D7740920AEF /* [CP] Embed Pods Frameworks */ = {
			isa = PBXShellScriptBuildPhase;
			buildActionMask = 2147483647;
			files = (
			);
			inputFileListPaths = (
				"${PODS_ROOT}/Target Support Files/Pods-RxModalExample/Pods-RxModalExample-frameworks-${CONFIGURATION}-input-files.xcfilelist",
			);
			name = "[CP] Embed Pods Frameworks";
			outputFileListPaths = (
				"${PODS_ROOT}/Target Support Files/Pods-RxModalExample/Pods-RxModalExample-frameworks-${CONFIGURATION}-output-files.xcfilelist",
			);
			runOnlyForDeploymentPostprocessing = 0;
			shellPath = /bin/sh;
			shellScript = "\"${PODS_ROOT}/Target Support Files/Pods-RxModalExample/Pods-RxModalExample-frameworks.sh\"\n";
			showEnvVarsInLog = 0;
		};
/* End PBXShellScriptBuildPhase section */

/* Begin PBXSourcesBuildPhase section */
		7580E3FB25CB49A800F9A0A7 /* Sources */ = {
			isa = PBXSourcesBuildPhase;
			buildActionMask = 2147483647;
			files = (
				7580E40725CB49A800F9A0A7 /* ViewController.swift in Sources */,
				7580E40325CB49A800F9A0A7 /* AppDelegate.swift in Sources */,
				7580E40525CB49A800F9A0A7 /* SceneDelegate.swift in Sources */,
			);
			runOnlyForDeploymentPostprocessing = 0;
		};
/* End PBXSourcesBuildPhase section */

/* Begin PBXVariantGroup section */
		7580E40825CB49A800F9A0A7 /* Main.storyboard */ = {
			isa = PBXVariantGroup;
			children = (
				7580E40925CB49A800F9A0A7 /* Base */,
			);
			name = Main.storyboard;
			sourceTree = "<group>";
		};
		7580E40D25CB49A900F9A0A7 /* LaunchScreen.storyboard */ = {
			isa = PBXVariantGroup;
			children = (
				7580E40E25CB49A900F9A0A7 /* Base */,
			);
			name = LaunchScreen.storyboard;
			sourceTree = "<group>";
		};
/* End PBXVariantGroup section */

/* Begin XCBuildConfiguration section */
		7580E41125CB49A900F9A0A7 /* Debug */ = {
			isa = XCBuildConfiguration;
			buildSettings = {
				ALWAYS_SEARCH_USER_PATHS = NO;
				CLANG_ANALYZER_NONNULL = YES;
				CLANG_ANALYZER_NUMBER_OBJECT_CONVERSION = YES_AGGRESSIVE;
				CLANG_CXX_LANGUAGE_STANDARD = "gnu++14";
				CLANG_CXX_LIBRARY = "libc++";
				CLANG_ENABLE_MODULES = YES;
				CLANG_ENABLE_OBJC_ARC = YES;
				CLANG_ENABLE_OBJC_WEAK = YES;
				CLANG_WARN_BLOCK_CAPTURE_AUTORELEASING = YES;
				CLANG_WARN_BOOL_CONVERSION = YES;
				CLANG_WARN_COMMA = YES;
				CLANG_WARN_CONSTANT_CONVERSION = YES;
				CLANG_WARN_DEPRECATED_OBJC_IMPLEMENTATIONS = YES;
				CLANG_WARN_DIRECT_OBJC_ISA_USAGE = YES_ERROR;
				CLANG_WARN_DOCUMENTATION_COMMENTS = YES;
				CLANG_WARN_EMPTY_BODY = YES;
				CLANG_WARN_ENUM_CONVERSION = YES;
				CLANG_WARN_INFINITE_RECURSION = YES;
				CLANG_WARN_INT_CONVERSION = YES;
				CLANG_WARN_NON_LITERAL_NULL_CONVERSION = YES;
				CLANG_WARN_OBJC_IMPLICIT_RETAIN_SELF = YES;
				CLANG_WARN_OBJC_LITERAL_CONVERSION = YES;
				CLANG_WARN_OBJC_ROOT_CLASS = YES_ERROR;
				CLANG_WARN_QUOTED_INCLUDE_IN_FRAMEWORK_HEADER = YES;
				CLANG_WARN_RANGE_LOOP_ANALYSIS = YES;
				CLANG_WARN_STRICT_PROTOTYPES = YES;
				CLANG_WARN_SUSPICIOUS_MOVE = YES;
				CLANG_WARN_UNGUARDED_AVAILABILITY = YES_AGGRESSIVE;
				CLANG_WARN_UNREACHABLE_CODE = YES;
				CLANG_WARN__DUPLICATE_METHOD_MATCH = YES;
				COPY_PHASE_STRIP = NO;
				DEBUG_INFORMATION_FORMAT = dwarf;
				ENABLE_STRICT_OBJC_MSGSEND = YES;
				ENABLE_TESTABILITY = YES;
				GCC_C_LANGUAGE_STANDARD = gnu11;
				GCC_DYNAMIC_NO_PIC = NO;
				GCC_NO_COMMON_BLOCKS = YES;
				GCC_OPTIMIZATION_LEVEL = 0;
				GCC_PREPROCESSOR_DEFINITIONS = (
					"DEBUG=1",
					"$(inherited)",
				);
				GCC_WARN_64_TO_32_BIT_CONVERSION = YES;
				GCC_WARN_ABOUT_RETURN_TYPE = YES_ERROR;
				GCC_WARN_UNDECLARED_SELECTOR = YES;
				GCC_WARN_UNINITIALIZED_AUTOS = YES_AGGRESSIVE;
				GCC_WARN_UNUSED_FUNCTION = YES;
				GCC_WARN_UNUSED_VARIABLE = YES;
				IPHONEOS_DEPLOYMENT_TARGET = 13.0;
				MTL_ENABLE_DEBUG_INFO = INCLUDE_SOURCE;
				MTL_FAST_MATH = YES;
				ONLY_ACTIVE_ARCH = YES;
				SDKROOT = iphoneos;
				SWIFT_ACTIVE_COMPILATION_CONDITIONS = DEBUG;
				SWIFT_OPTIMIZATION_LEVEL = "-Onone";
			};
			name = Debug;
		};
		7580E41225CB49A900F9A0A7 /* Release */ = {
			isa = XCBuildConfiguration;
			buildSettings = {
				ALWAYS_SEARCH_USER_PATHS = NO;
				CLANG_ANALYZER_NONNULL = YES;
				CLANG_ANALYZER_NUMBER_OBJECT_CONVERSION = YES_AGGRESSIVE;
				CLANG_CXX_LANGUAGE_STANDARD = "gnu++14";
				CLANG_CXX_LIBRARY = "libc++";
				CLANG_ENABLE_MODULES = YES;
				CLANG_ENABLE_OBJC_ARC = YES;
				CLANG_ENABLE_OBJC_WEAK = YES;
				CLANG_WARN_BLOCK_CAPTURE_AUTORELEASING = YES;
				CLANG_WARN_BOOL_CONVERSION = YES;
				CLANG_WARN_COMMA = YES;
				CLANG_WARN_CONSTANT_CONVERSION = YES;
				CLANG_WARN_DEPRECATED_OBJC_IMPLEMENTATIONS = YES;
				CLANG_WARN_DIRECT_OBJC_ISA_USAGE = YES_ERROR;
				CLANG_WARN_DOCUMENTATION_COMMENTS = YES;
				CLANG_WARN_EMPTY_BODY = YES;
				CLANG_WARN_ENUM_CONVERSION = YES;
				CLANG_WARN_INFINITE_RECURSION = YES;
				CLANG_WARN_INT_CONVERSION = YES;
				CLANG_WARN_NON_LITERAL_NULL_CONVERSION = YES;
				CLANG_WARN_OBJC_IMPLICIT_RETAIN_SELF = YES;
				CLANG_WARN_OBJC_LITERAL_CONVERSION = YES;
				CLANG_WARN_OBJC_ROOT_CLASS = YES_ERROR;
				CLANG_WARN_QUOTED_INCLUDE_IN_FRAMEWORK_HEADER = YES;
				CLANG_WARN_RANGE_LOOP_ANALYSIS = YES;
				CLANG_WARN_STRICT_PROTOTYPES = YES;
				CLANG_WARN_SUSPICIOUS_MOVE = YES;
				CLANG_WARN_UNGUARDED_AVAILABILITY = YES_AGGRESSIVE;
				CLANG_WARN_UNREACHABLE_CODE = YES;
				CLANG_WARN__DUPLICATE_METHOD_MATCH = YES;
				COPY_PHASE_STRIP = NO;
				DEBUG_INFORMATION_FORMAT = "dwarf-with-dsym";
				ENABLE_NS_ASSERTIONS = NO;
				ENABLE_STRICT_OBJC_MSGSEND = YES;
				GCC_C_LANGUAGE_STANDARD = gnu11;
				GCC_NO_COMMON_BLOCKS = YES;
				GCC_WARN_64_TO_32_BIT_CONVERSION = YES;
				GCC_WARN_ABOUT_RETURN_TYPE = YES_ERROR;
				GCC_WARN_UNDECLARED_SELECTOR = YES;
				GCC_WARN_UNINITIALIZED_AUTOS = YES_AGGRESSIVE;
				GCC_WARN_UNUSED_FUNCTION = YES;
				GCC_WARN_UNUSED_VARIABLE = YES;
				IPHONEOS_DEPLOYMENT_TARGET = 13.0;
				MTL_ENABLE_DEBUG_INFO = NO;
				MTL_FAST_MATH = YES;
				SDKROOT = iphoneos;
				SWIFT_COMPILATION_MODE = wholemodule;
				SWIFT_OPTIMIZATION_LEVEL = "-O";
				VALIDATE_PRODUCT = YES;
			};
			name = Release;
		};
		7580E41425CB49A900F9A0A7 /* Debug */ = {
			isa = XCBuildConfiguration;
			baseConfigurationReference = A8FF776624B518F974CE128B /* Pods-RxModalExample.debug.xcconfig */;
			buildSettings = {
				ASSETCATALOG_COMPILER_APPICON_NAME = AppIcon;
				ASSETCATALOG_COMPILER_GLOBAL_ACCENT_COLOR_NAME = AccentColor;
				CODE_SIGN_IDENTITY = "Apple Development";
				CODE_SIGN_STYLE = Automatic;
				DEVELOPMENT_TEAM = JKFCB4CN7C;
				INFOPLIST_FILE = RxModalExample/Info.plist;
				LD_RUNPATH_SEARCH_PATHS = (
					"$(inherited)",
					"@executable_path/Frameworks",
				);
				PRODUCT_BUNDLE_IDENTIFIER = com.RxSwiftCommunity.RxModalExample;
				PRODUCT_NAME = "$(TARGET_NAME)";
				PROVISIONING_PROFILE_SPECIFIER = "";
				SWIFT_VERSION = 5.0;
				TARGETED_DEVICE_FAMILY = "1,2";
			};
			name = Debug;
		};
		7580E41525CB49A900F9A0A7 /* Release */ = {
			isa = XCBuildConfiguration;
			baseConfigurationReference = 225B62DC46C283E24EADD0CE /* Pods-RxModalExample.release.xcconfig */;
			buildSettings = {
				ASSETCATALOG_COMPILER_APPICON_NAME = AppIcon;
				ASSETCATALOG_COMPILER_GLOBAL_ACCENT_COLOR_NAME = AccentColor;
				CODE_SIGN_IDENTITY = "Apple Development";
				CODE_SIGN_STYLE = Automatic;
				DEVELOPMENT_TEAM = JKFCB4CN7C;
				INFOPLIST_FILE = RxModalExample/Info.plist;
				LD_RUNPATH_SEARCH_PATHS = (
					"$(inherited)",
					"@executable_path/Frameworks",
				);
				PRODUCT_BUNDLE_IDENTIFIER = com.RxSwiftCommunity.RxModalExample;
				PRODUCT_NAME = "$(TARGET_NAME)";
				PROVISIONING_PROFILE_SPECIFIER = "";
				SWIFT_VERSION = 5.0;
				TARGETED_DEVICE_FAMILY = "1,2";
			};
			name = Release;
		};
/* End XCBuildConfiguration section */

/* Begin XCConfigurationList section */
		7580E3FA25CB49A800F9A0A7 /* Build configuration list for PBXProject "RxModalExample" */ = {
			isa = XCConfigurationList;
			buildConfigurations = (
				7580E41125CB49A900F9A0A7 /* Debug */,
				7580E41225CB49A900F9A0A7 /* Release */,
			);
			defaultConfigurationIsVisible = 0;
			defaultConfigurationName = Release;
		};
		7580E41325CB49A900F9A0A7 /* Build configuration list for PBXNativeTarget "RxModalExample" */ = {
			isa = XCConfigurationList;
			buildConfigurations = (
				7580E41425CB49A900F9A0A7 /* Debug */,
				7580E41525CB49A900F9A0A7 /* Release */,
			);
			defaultConfigurationIsVisible = 0;
			defaultConfigurationName = Release;
		};
/* End XCConfigurationList section */
	};
	rootObject = 7580E3F725CB49A800F9A0A7 /* Project object */;
}
